
Microsoft Visual Studio Solution File, Format Version 10.00
# Visual Studio 2008
Project("{8BC9CEB8-8B4A-11D0-8D11-00A0C91BC942}") = "hilbert matrix and sine", "hilbert matrix and sine\hilbert matrix and sine.vcproj", "{0EDBBF05-F1FC-4D5C-B0DF-85B38D83FC82}"
EndProject
Global
	GlobalSection(SolutionConfigurationPlatforms) = preSolution
		Debug|Win32 = Debug|Win32
		Release|Win32 = Release|Win32
	EndGlobalSection
	GlobalSection(ProjectConfigurationPlatforms) = postSolution
		{0EDBBF05-F1FC-4D5C-B0DF-85B38D83FC82}.Debug|Win32.ActiveCfg = Debug|Win32
		{0EDBBF05-F1FC-4D5C-B0DF-85B38D83FC82}.Debug|Win32.Build.0 = Debug|Win32
		{0EDBBF05-F1FC-4D5C-B0DF-85B38D83FC82}.Release|Win32.ActiveCfg = Release|Win32
		{0EDBBF05-F1FC-4D5C-B0DF-85B38D83FC82}.Release|Win32.Build.0 = Release|Win32
	EndGlobalSection
	GlobalSection(SolutionProperties) = preSolution
		HideSolutionNode = FALSE
	EndGlobalSection
EndGlobal
